Microsoft Visual Studio Solution File, Format Version 12.00
# Visual Studio Version 17
VisualStudioVersion = 17.4.33213.308
MinimumVisualStudioVersion = 10.0.40219.1
Project("{9A19103F-16F7-4668-BE54-9A1E7A4F7556}") = "Medo.PasswordSafe", "Medo.PasswordSafe/Medo.PasswordSafe.csproj", "{6626919D-0285-4F7C-818D-B3B2FD8D3268}"
EndProject
Project("{9A19103F-16F7-4668-BE54-9A1E7A4F7556}") = "ExampleApp", "..\examples\ExampleApp\ExampleApp.csproj", "{DF18DE1F-724E-4719-BA0E-C1DC459667C2}"
EndProject
Project("{9A19103F-16F7-4668-BE54-9A1E7A4F7556}") = "Medo.PasswordSafe.Tests", "../tests/Medo.PasswordSafe.Tests/Medo.PasswordSafe.Tests.csproj", "{3F881E25-F55B-40B2-A4A9-FC3A4C4F70B5}"
EndProject
Project("{2150E333-8FDC-42A3-9474-1A3956D46DE8}") = "Examples", "Examples", "{BA71233D-989C-4A34-9284-9508FA487642}"
EndProject
Project("{2150E333-8FDC-42A3-9474-1A3956D46DE8}") = "Tests", "Tests", "{5ACF402E-163F-41B2-B154-8B2A72DCE57D}"
EndProject
Global
	GlobalSection(SolutionConfigurationPlatforms) = preSolution
		Debug|Any CPU = Debug|Any CPU
		Release|Any CPU = Release|Any CPU
	EndGlobalSection
	GlobalSection(ProjectConfigurationPlatforms) = postSolution
		{6626919D-0285-4F7C-818D-B3B2FD8D3268}.Debug|Any CPU.ActiveCfg = Debug|Any CPU
		{6626919D-0285-4F7C-818D-B3B2FD8D3268}.Debug|Any CPU.Build.0 = Debug|Any CPU
		{6626919D-0285-4F7C-818D-B3B2FD8D3268}.Release|Any CPU.ActiveCfg = Release|Any CPU
		{6626919D-0285-4F7C-818D-B3B2FD8D3268}.Release|Any CPU.Build.0 = Release|Any CPU
		{DF18DE1F-724E-4719-BA0E-C1DC459667C2}.Debug|Any CPU.ActiveCfg = Debug|Any CPU
		{DF18DE1F-724E-4719-BA0E-C1DC459667C2}.Debug|Any CPU.Build.0 = Debug|Any CPU
		{DF18DE1F-724E-4719-BA0E-C1DC459667C2}.Release|Any CPU.ActiveCfg = Release|Any CPU
		{DF18DE1F-724E-4719-BA0E-C1DC459667C2}.Release|Any CPU.Build.0 = Release|Any CPU
		{3F881E25-F55B-40B2-A4A9-FC3A4C4F70B5}.Debug|Any CPU.ActiveCfg = Debug|Any CPU
		{3F881E25-F55B-40B2-A4A9-FC3A4C4F70B5}.Debug|Any CPU.Build.0 = Debug|Any CPU
		{3F881E25-F55B-40B2-A4A9-FC3A4C4F70B5}.Release|Any CPU.ActiveCfg = Release|Any CPU
		{3F881E25-F55B-40B2-A4A9-FC3A4C4F70B5}.Release|Any CPU.Build.0 = Release|Any CPU
	EndGlobalSection
	GlobalSection(SolutionProperties) = preSolution
		HideSolutionNode = FALSE
	EndGlobalSection
	GlobalSection(NestedProjects) = preSolution
		{DF18DE1F-724E-4719-BA0E-C1DC459667C2} = {BA71233D-989C-4A34-9284-9508FA487642}
		{3F881E25-F55B-40B2-A4A9-FC3A4C4F70B5} = {5ACF402E-163F-41B2-B154-8B2A72DCE57D}
	EndGlobalSection
	GlobalSection(ExtensibilityGlobals) = postSolution
		SolutionGuid = {56B539EF-AA00-47CB-9614-1541515BBAB5}
	EndGlobalSection
EndGlobal
