Microsoft Visual Studio Solution File, Format Version 12.00
# Visual Studio Version 17
VisualStudioVersion = 17.0.31903.59
MinimumVisualStudioVersion = 10.0.40219.1
Project("{FAE04EC0-301F-11D3-BF4B-00C04F79EFBC}") = "Bimil.Core", "Bimil.Core\Bimil.Core.csproj", "{E1ED34CD-F5C2-46F4-8B98-AC95CE5BB811}"
EndProject
Project("{9A19103F-16F7-4668-BE54-9A1E7A4F7556}") = "Bimil.Desktop", "Bimil.Desktop\Bimil.Desktop.csproj", "{F3667086-22EB-4DBE-A78A-3DAD510CC6B1}"
EndProject
Global
	GlobalSection(SolutionConfigurationPlatforms) = preSolution
		Debug|Any CPU = Debug|Any CPU
		Release|Any CPU = Release|Any CPU
	EndGlobalSection
	GlobalSection(ProjectConfigurationPlatforms) = postSolution
		{F3667086-22EB-4DBE-A78A-3DAD510CC6B1}.Debug|Any CPU.ActiveCfg = Debug|Any CPU
		{F3667086-22EB-4DBE-A78A-3DAD510CC6B1}.Debug|Any CPU.Build.0 = Debug|Any CPU
		{F3667086-22EB-4DBE-A78A-3DAD510CC6B1}.Release|Any CPU.ActiveCfg = Release|Any CPU
		{F3667086-22EB-4DBE-A78A-3DAD510CC6B1}.Release|Any CPU.Build.0 = Release|Any CPU
		{E1ED34CD-F5C2-46F4-8B98-AC95CE5BB811}.Debug|Any CPU.ActiveCfg = Debug|Any CPU
		{E1ED34CD-F5C2-46F4-8B98-AC95CE5BB811}.Debug|Any CPU.Build.0 = Debug|Any CPU
		{E1ED34CD-F5C2-46F4-8B98-AC95CE5BB811}.Release|Any CPU.ActiveCfg = Release|Any CPU
		{E1ED34CD-F5C2-46F4-8B98-AC95CE5BB811}.Release|Any CPU.Build.0 = Release|Any CPU
	EndGlobalSection
	GlobalSection(SolutionProperties) = preSolution
		HideSolutionNode = FALSE
	EndGlobalSection
	GlobalSection(ExtensibilityGlobals) = postSolution
		SolutionGuid = {6ED3C01C-126A-461F-8C16-667BDB0AA2D7}
	EndGlobalSection
EndGlobal
